PODS:
  - Mantle (2.0.6):
    - Mantle/extobjc (= 2.0.6)
  - Mantle/extobjc (2.0.6)
  - Nimble (3.0.0)
  - Nocilla (0.10.0)
  - Quick (0.8.0)

DEPENDENCIES:
  - Mantle
  - Nimble
  - Nocilla
  - Quick

SPEC CHECKSUMS:
  Mantle: 299966b00759634931699f69cb6a30b9239b944d
  Nimble: 4c353d43735b38b545cbb4cb91504588eb5de926
  Nocilla: ae0a2b05f3087b473624ac2b25903695df51246a
  Quick: 563d0f6ec5f72e394645adb377708639b7dd38ab

COCOAPODS: 0.38.2
