PODS:
  - Eson (0.1.0)
  - Nimble (3.1.0)
  - Nocilla (0.10.0)
  - Quick (0.9.1)

DEPENDENCIES:
  - Eson (from `https://github.com/schrockblock/eson`)
  - Nimble
  - Nocilla
  - Quick

EXTERNAL SOURCES:
  Eson:
    :git: https://github.com/schrockblock/eson

CHECKOUT OPTIONS:
  Eson:
    :commit: a55a0ca4012089b036ee0f563a1d6ca547a90430
    :git: https://github.com/schrockblock/eson

SPEC CHECKSUMS:
  Eson: 764d94896bdf6a56682ee9ed0027617f03f3ccb3
  Nimble: 79d40f4d69d47314229bbabacaa02b8838c779b9
  Nocilla: ae0a2b05f3087b473624ac2b25903695df51246a
  Quick: a5221fc21788b6aeda934805e68b061839bc3165

PODFILE CHECKSUM: e2daa48cb9c2ae752d63ea02b3e6960bee99690f

COCOAPODS: 1.0.0.beta.2
