PODS:
  - Mantle (2.0):
    - Mantle/extobjc (= 2.0)
  - Mantle/extobjc (2.0)
  - Nimble (0.4.2)
  - Nocilla (0.9.0)
  - Quick (0.3.1)

DEPENDENCIES:
  - Mantle
  - Nimble
  - Nocilla
  - Quick

SPEC CHECKSUMS:
  Mantle: d7c75b6fb789b20f7ae30cd0d09435fe545896ff
  Nimble: 49b7a7da8919f42823d37c6d68cc6d15a7009f32
  Nocilla: d7d96e8a11e363f0d7c976d48b320c43d61fb471
  Quick: 824572d3d198d51e52cf4aa722cebf7e59952a35

COCOAPODS: 0.37.1
