// !$*UTF8*$!
{
	archiveVersion = 1;
	classes = {
	};
	objectVersion = 46;
	objects = {

/* Begin PBXBuildFile section */
		0193A7B4CF0F857CF6463D2A /* Pods_Roost_RemoteTests.framework in Frameworks */ = {isa = PBXBuildFile; fileRef = 099767B8A80F3A41A2F28303 /* Pods_Roost_RemoteTests.framework */; };
		49333D6B1B37517E00DA154F /* UIColor.swift in Sources */ = {isa = PBXBuildFile; fileRef = 49333D6A1B37517E00DA154F /* UIColor.swift */; };
		496FE7041E4F893D00F4EAA9 /* DevicesViewController.swift in Sources */ = {isa = PBXBuildFile; fileRef = 496FE7021E4F893D00F4EAA9 /* DevicesViewController.swift */; };
		496FE7051E4F893D00F4EAA9 /* DevicesViewController.xib in Resources */ = {isa = PBXBuildFile; fileRef = 496FE7031E4F893D00F4EAA9 /* DevicesViewController.xib */; };
		496FE7071E4F8C6A00F4EAA9 /* Device.swift in Sources */ = {isa = PBXBuildFile; fileRef = 496FE7061E4F8C6A00F4EAA9 /* Device.swift */; };
		496FE7091E4F983B00F4EAA9 /* DeviceDescription.swift in Sources */ = {isa = PBXBuildFile; fileRef = 496FE7081E4F983B00F4EAA9 /* DeviceDescription.swift */; };
		496FE70B1E4F9E4300F4EAA9 /* EndpointArrayDeserializer.swift in Sources */ = {isa = PBXBuildFile; fileRef = 496FE70A1E4F9E4300F4EAA9 /* EndpointArrayDeserializer.swift */; };
		496FE70D1E4FB5AF00F4EAA9 /* NumberEndpointOption.swift in Sources */ = {isa = PBXBuildFile; fileRef = 496FE70C1E4FB5AF00F4EAA9 /* NumberEndpointOption.swift */; };
		496FE70F1E4FB63B00F4EAA9 /* StringEndpointOption.swift in Sources */ = {isa = PBXBuildFile; fileRef = 496FE70E1E4FB63B00F4EAA9 /* StringEndpointOption.swift */; };
		496FE7111E4FB65D00F4EAA9 /* DictionaryEndpointOption.swift in Sources */ = {isa = PBXBuildFile; fileRef = 496FE7101E4FB65D00F4EAA9 /* DictionaryEndpointOption.swift */; };
		496FE7131E4FB6D100F4EAA9 /* EndpointOptionDeserializer.swift in Sources */ = {isa = PBXBuildFile; fileRef = 496FE7121E4FB6D100F4EAA9 /* EndpointOptionDeserializer.swift */; };
		496FE7151E4FB92A00F4EAA9 /* EndpointOptionProtocol.swift in Sources */ = {isa = PBXBuildFile; fileRef = 496FE7141E4FB92A00F4EAA9 /* EndpointOptionProtocol.swift */; };
		496FE7171E4FC51000F4EAA9 /* DetailsTableViewCell.swift in Sources */ = {isa = PBXBuildFile; fileRef = 496FE7161E4FC51000F4EAA9 /* DetailsTableViewCell.swift */; };
		4974F7001AFAC5FE00816CF8 /* Endpoint.swift in Sources */ = {isa = PBXBuildFile; fileRef = 4974F6FF1AFAC5FE00816CF8 /* Endpoint.swift */; };
		4974F7031AFADF0200816CF8 /* BaseNetworkCall.swift in Sources */ = {isa = PBXBuildFile; fileRef = 4974F7021AFADF0200816CF8 /* BaseNetworkCall.swift */; };
		499B5DC71B05AB1F00AD67BE /* EndpointOption.swift in Sources */ = {isa = PBXBuildFile; fileRef = 499B5DC61B05AB1F00AD67BE /* EndpointOption.swift */; };
		499B5DC81B05AB1F00AD67BE /* EndpointOption.swift in Sources */ = {isa = PBXBuildFile; fileRef = 499B5DC61B05AB1F00AD67BE /* EndpointOption.swift */; };
		499B5DCA1B05AC2700AD67BE /* EndpointOptionHolder.swift in Sources */ = {isa = PBXBuildFile; fileRef = 499B5DC91B05AC2700AD67BE /* EndpointOptionHolder.swift */; };
		499B5DCB1B05AC2700AD67BE /* EndpointOptionHolder.swift in Sources */ = {isa = PBXBuildFile; fileRef = 499B5DC91B05AC2700AD67BE /* EndpointOptionHolder.swift */; };
		499B5DCD1B0637C000AD67BE /* index.json in Resources */ = {isa = PBXBuildFile; fileRef = 499B5DCC1B0637BF00AD67BE /* index.json */; };
		499B5DCF1B06388C00AD67BE /* EndpointManagerSpecs.swift in Sources */ = {isa = PBXBuildFile; fileRef = 499B5DCE1B06388C00AD67BE /* EndpointManagerSpecs.swift */; };
		49C1B7A01B11594800F109C3 /* EndpointTableViewCell.swift in Sources */ = {isa = PBXBuildFile; fileRef = 49C1B79E1B11594800F109C3 /* EndpointTableViewCell.swift */; };
		49C1B7A11B11594800F109C3 /* EndpointTableViewCell.xib in Resources */ = {isa = PBXBuildFile; fileRef = 49C1B79F1B11594800F109C3 /* EndpointTableViewCell.xib */; };
		49C1B7A41B116B8F00F109C3 /* EndpointsViewController.swift in Sources */ = {isa = PBXBuildFile; fileRef = 49C1B7A21B116B8F00F109C3 /* EndpointsViewController.swift */; };
		49C1B7A51B116B8F00F109C3 /* EndpointsViewController.xib in Resources */ = {isa = PBXBuildFile; fileRef = 49C1B7A31B116B8F00F109C3 /* EndpointsViewController.xib */; };
		49CD55DB1AF8685900673328 /* AppDelegate.swift in Sources */ = {isa = PBXBuildFile; fileRef = 49CD55DA1AF8685900673328 /* AppDelegate.swift */; };
		49CD55E21AF8685900673328 /* Images.xcassets in Resources */ = {isa = PBXBuildFile; fileRef = 49CD55E11AF8685900673328 /* Images.xcassets */; };
		49CD55E51AF8685900673328 /* LaunchScreen.xib in Resources */ = {isa = PBXBuildFile; fileRef = 49CD55E31AF8685900673328 /* LaunchScreen.xib */; };
		49E5641D1B064ACE009D3A7A /* EndpointSpec.swift in Sources */ = {isa = PBXBuildFile; fileRef = 49E5641C1B064ACE009D3A7A /* EndpointSpec.swift */; };
		49E5641F1B064E99009D3A7A /* EndpointOptionHolderSpec.swift in Sources */ = {isa = PBXBuildFile; fileRef = 49E5641E1B064E99009D3A7A /* EndpointOptionHolderSpec.swift */; };
		49E8560C1AFFD1C100E79527 /* Endpoint.swift in Sources */ = {isa = PBXBuildFile; fileRef = 4974F6FF1AFAC5FE00816CF8 /* Endpoint.swift */; };
		49E8560D1AFFD1C900E79527 /* BaseNetworkCall.swift in Sources */ = {isa = PBXBuildFile; fileRef = 4974F7021AFADF0200816CF8 /* BaseNetworkCall.swift */; };
		49ED29201C9528A9003E4C74 /* EndpointOptionHolderDeserializer.swift in Sources */ = {isa = PBXBuildFile; fileRef = 49ED291F1C9528A9003E4C74 /* EndpointOptionHolderDeserializer.swift */; };
		49ED29211C9528A9003E4C74 /* EndpointOptionHolderDeserializer.swift in Sources */ = {isa = PBXBuildFile; fileRef = 49ED291F1C9528A9003E4C74 /* EndpointOptionHolderDeserializer.swift */; };
		510F8E3A85610C2AC30EFFC6 /* Pods_Roost_Remote.framework in Frameworks */ = {isa = PBXBuildFile; fileRef = 3C38E48CA6AE682E09ADFEC8 /* Pods_Roost_Remote.framework */; };
/* End PBXBuildFile section */

/* Begin PBXContainerItemProxy section */
		49CD55EB1AF8685900673328 /* PBXContainerItemProxy */ = {
			isa = PBXContainerItemProxy;
			containerPortal = 49CD55CD1AF8685900673328 /* Project object */;
			proxyType = 1;
			remoteGlobalIDString = 49CD55D41AF8685900673328;
			remoteInfo = "Roost Remote";
		};
/* End PBXContainerItemProxy section */

/* Begin PBXFileReference section */
		099767B8A80F3A41A2F28303 /* Pods_Roost_RemoteTests.framework */ = {isa = PBXFileReference; explicitFileType = wrapper.framework; includeInIndex = 0; path = Pods_Roost_RemoteTests.framework; sourceTree = BUILT_PRODUCTS_DIR; };
		0E478FB2AA4AF8325C8E0AFC /* Pods-Roost RemoteTests.debug.xcconfig */ = {isa = PBXFileReference; includeInIndex = 1; lastKnownFileType = text.xcconfig; name = "Pods-Roost RemoteTests.debug.xcconfig"; path = "Pods/Target Support Files/Pods-Roost RemoteTests/Pods-Roost RemoteTests.debug.xcconfig"; sourceTree = "<group>"; };
		11C24746A4631C51189B6B44 /* Pods-Roost Remote.debug.xcconfig */ = {isa = PBXFileReference; includeInIndex = 1; lastKnownFileType = text.xcconfig; name = "Pods-Roost Remote.debug.xcconfig"; path = "Pods/Target Support Files/Pods-Roost Remote/Pods-Roost Remote.debug.xcconfig"; sourceTree = "<group>"; };
		3C38E48CA6AE682E09ADFEC8 /* Pods_Roost_Remote.framework */ = {isa = PBXFileReference; explicitFileType = wrapper.framework; includeInIndex = 0; path = Pods_Roost_Remote.framework; sourceTree = BUILT_PRODUCTS_DIR; };
		49333D6A1B37517E00DA154F /* UIColor.swift */ = {isa = PBXFileReference; fileEncoding = 4; lastKnownFileType = sourcecode.swift; path = UIColor.swift; sourceTree = "<group>"; };
		496FE7021E4F893D00F4EAA9 /* DevicesViewController.swift */ = {isa = PBXFileReference; fileEncoding = 4; lastKnownFileType = sourcecode.swift; path = DevicesViewController.swift; sourceTree = "<group>"; };
		496FE7031E4F893D00F4EAA9 /* DevicesViewController.xib */ = {isa = PBXFileReference; fileEncoding = 4; lastKnownFileType = file.xib; path = DevicesViewController.xib; sourceTree = "<group>"; };
		496FE7061E4F8C6A00F4EAA9 /* Device.swift */ = {isa = PBXFileReference; fileEncoding = 4; lastKnownFileType = sourcecode.swift; path = Device.swift; sourceTree = "<group>"; };
		496FE7081E4F983B00F4EAA9 /* DeviceDescription.swift */ = {isa = PBXFileReference; fileEncoding = 4; lastKnownFileType = sourcecode.swift; path = DeviceDescription.swift; sourceTree = "<group>"; };
		496FE70A1E4F9E4300F4EAA9 /* EndpointArrayDeserializer.swift */ = {isa = PBXFileReference; fileEncoding = 4; lastKnownFileType = sourcecode.swift; path = EndpointArrayDeserializer.swift; sourceTree = "<group>"; };
		496FE70C1E4FB5AF00F4EAA9 /* NumberEndpointOption.swift */ = {isa = PBXFileReference; fileEncoding = 4; lastKnownFileType = sourcecode.swift; path = NumberEndpointOption.swift; sourceTree = "<group>"; };
		496FE70E1E4FB63B00F4EAA9 /* StringEndpointOption.swift */ = {isa = PBXFileReference; fileEncoding = 4; lastKnownFileType = sourcecode.swift; path = StringEndpointOption.swift; sourceTree = "<group>"; };
		496FE7101E4FB65D00F4EAA9 /* DictionaryEndpointOption.swift */ = {isa = PBXFileReference; fileEncoding = 4; lastKnownFileType = sourcecode.swift; path = DictionaryEndpointOption.swift; sourceTree = "<group>"; };
		496FE7121E4FB6D100F4EAA9 /* EndpointOptionDeserializer.swift */ = {isa = PBXFileReference; fileEncoding = 4; lastKnownFileType = sourcecode.swift; path = EndpointOptionDeserializer.swift; sourceTree = "<group>"; };
		496FE7141E4FB92A00F4EAA9 /* EndpointOptionProtocol.swift */ = {isa = PBXFileReference; fileEncoding = 4; lastKnownFileType = sourcecode.swift; path = EndpointOptionProtocol.swift; sourceTree = "<group>"; };
		496FE7161E4FC51000F4EAA9 /* DetailsTableViewCell.swift */ = {isa = PBXFileReference; fileEncoding = 4; lastKnownFileType = sourcecode.swift; path = DetailsTableViewCell.swift; sourceTree = "<group>"; };
		4974F6FB1AFAC5E200816CF8 /* Roost Remote-Bridging-Header.h */ = {isa = PBXFileReference; lastKnownFileType = sourcecode.c.h; path = "Roost Remote-Bridging-Header.h"; sourceTree = "<group>"; };
		4974F6FF1AFAC5FE00816CF8 /* Endpoint.swift */ = {isa = PBXFileReference; fileEncoding = 4; lastKnownFileType = sourcecode.swift; path = Endpoint.swift; sourceTree = "<group>"; };
		4974F7021AFADF0200816CF8 /* BaseNetworkCall.swift */ = {isa = PBXFileReference; fileEncoding = 4; lastKnownFileType = sourcecode.swift; path = BaseNetworkCall.swift; sourceTree = "<group>"; };
		499B5DC61B05AB1F00AD67BE /* EndpointOption.swift */ = {isa = PBXFileReference; fileEncoding = 4; lastKnownFileType = sourcecode.swift; path = EndpointOption.swift; sourceTree = "<group>"; };
		499B5DC91B05AC2700AD67BE /* EndpointOptionHolder.swift */ = {isa = PBXFileReference; fileEncoding = 4; lastKnownFileType = sourcecode.swift; path = EndpointOptionHolder.swift; sourceTree = "<group>"; };
		499B5DCC1B0637BF00AD67BE /* index.json */ = {isa = PBXFileReference; fileEncoding = 4; lastKnownFileType = text.json; path = index.json; sourceTree = "<group>"; };
		499B5DCE1B06388C00AD67BE /* EndpointManagerSpecs.swift */ = {isa = PBXFileReference; fileEncoding = 4; lastKnownFileType = sourcecode.swift; path = EndpointManagerSpecs.swift; sourceTree = "<group>"; };
		49C1B79E1B11594800F109C3 /* EndpointTableViewCell.swift */ = {isa = PBXFileReference; fileEncoding = 4; lastKnownFileType = sourcecode.swift; path = EndpointTableViewCell.swift; sourceTree = "<group>"; };
		49C1B79F1B11594800F109C3 /* EndpointTableViewCell.xib */ = {isa = PBXFileReference; fileEncoding = 4; lastKnownFileType = file.xib; path = EndpointTableViewCell.xib; sourceTree = "<group>"; };
		49C1B7A21B116B8F00F109C3 /* EndpointsViewController.swift */ = {isa = PBXFileReference; fileEncoding = 4; lastKnownFileType = sourcecode.swift; path = EndpointsViewController.swift; sourceTree = "<group>"; };
		49C1B7A31B116B8F00F109C3 /* EndpointsViewController.xib */ = {isa = PBXFileReference; fileEncoding = 4; lastKnownFileType = file.xib; path = EndpointsViewController.xib; sourceTree = "<group>"; };
		49CD55D51AF8685900673328 /* Roost Remote.app */ = {isa = PBXFileReference; explicitFileType = wrapper.application; includeInIndex = 0; path = "Roost Remote.app"; sourceTree = BUILT_PRODUCTS_DIR; };
		49CD55D91AF8685900673328 /* Info.plist */ = {isa = PBXFileReference; lastKnownFileType = text.plist.xml; path = Info.plist; sourceTree = "<group>"; };
		49CD55DA1AF8685900673328 /* AppDelegate.swift */ = {isa = PBXFileReference; lastKnownFileType = sourcecode.swift; path = AppDelegate.swift; sourceTree = "<group>"; };
		49CD55E11AF8685900673328 /* Images.xcassets */ = {isa = PBXFileReference; lastKnownFileType = folder.assetcatalog; path = Images.xcassets; sourceTree = "<group>"; };
		49CD55E41AF8685900673328 /* Base */ = {isa = PBXFileReference; lastKnownFileType = file.xib; name = Base; path = Base.lproj/LaunchScreen.xib; sourceTree = "<group>"; };
		49CD55EA1AF8685900673328 /* Roost RemoteTests.xctest */ = {isa = PBXFileReference; explicitFileType = wrapper.cfbundle; includeInIndex = 0; path = "Roost RemoteTests.xctest"; sourceTree = BUILT_PRODUCTS_DIR; };
		49CD55EF1AF8685900673328 /* Info.plist */ = {isa = PBXFileReference; lastKnownFileType = text.plist.xml; path = Info.plist; sourceTree = "<group>"; };
		49E5641C1B064ACE009D3A7A /* EndpointSpec.swift */ = {isa = PBXFileReference; fileEncoding = 4; lastKnownFileType = sourcecode.swift; path = EndpointSpec.swift; sourceTree = "<group>"; };
		49E5641E1B064E99009D3A7A /* EndpointOptionHolderSpec.swift */ = {isa = PBXFileReference; fileEncoding = 4; lastKnownFileType = sourcecode.swift; path = EndpointOptionHolderSpec.swift; sourceTree = "<group>"; };
		49ED291F1C9528A9003E4C74 /* EndpointOptionHolderDeserializer.swift */ = {isa = PBXFileReference; fileEncoding = 4; lastKnownFileType = sourcecode.swift; path = EndpointOptionHolderDeserializer.swift; sourceTree = "<group>"; };
		71320FE0028392A072608406 /* Pods-Roost Remote.release.xcconfig */ = {isa = PBXFileReference; includeInIndex = 1; lastKnownFileType = text.xcconfig; name = "Pods-Roost Remote.release.xcconfig"; path = "Pods/Target Support Files/Pods-Roost Remote/Pods-Roost Remote.release.xcconfig"; sourceTree = "<group>"; };
		C4D5A6E1B511B46036AD174A /* Pods-Roost RemoteTests.release.xcconfig */ = {isa = PBXFileReference; includeInIndex = 1; lastKnownFileType = text.xcconfig; name = "Pods-Roost RemoteTests.release.xcconfig"; path = "Pods/Target Support Files/Pods-Roost RemoteTests/Pods-Roost RemoteTests.release.xcconfig"; sourceTree = "<group>"; };
/* End PBXFileReference section */

/* Begin PBXFrameworksBuildPhase section */
		49CD55D21AF8685900673328 /* Frameworks */ = {
			isa = PBXFrameworksBuildPhase;
			buildActionMask = 2147483647;
			files = (
				510F8E3A85610C2AC30EFFC6 /* Pods_Roost_Remote.framework in Frameworks */,
			);
			runOnlyForDeploymentPostprocessing = 0;
		};
		49CD55E71AF8685900673328 /* Frameworks */ = {
			isa = PBXFrameworksBuildPhase;
			buildActionMask = 2147483647;
			files = (
				0193A7B4CF0F857CF6463D2A /* Pods_Roost_RemoteTests.framework in Frameworks */,
			);
			runOnlyForDeploymentPostprocessing = 0;
		};
/* End PBXFrameworksBuildPhase section */

/* Begin PBXGroup section */
		4974F7011AFACBF400816CF8 /* Network Calls */ = {
			isa = PBXGroup;
			children = (
				4974F7021AFADF0200816CF8 /* BaseNetworkCall.swift */,
			);
			name = "Network Calls";
			sourceTree = "<group>";
		};
		49C1B79D1B1158B400F109C3 /* Views */ = {
			isa = PBXGroup;
			children = (
				49C1B79E1B11594800F109C3 /* EndpointTableViewCell.swift */,
				49C1B79F1B11594800F109C3 /* EndpointTableViewCell.xib */,
				496FE7161E4FC51000F4EAA9 /* DetailsTableViewCell.swift */,
			);
			name = Views;
			sourceTree = "<group>";
		};
		49CD55CC1AF8685900673328 = {
			isa = PBXGroup;
			children = (
				49CD55D71AF8685900673328 /* Roost Remote */,
				49CD55ED1AF8685900673328 /* Roost RemoteTests */,
				49CD55D61AF8685900673328 /* Products */,
				62A9159C8AAE5EE63D7EDBF2 /* Pods */,
				C4183F219479894E4E46CB1E /* Frameworks */,
			);
			sourceTree = "<group>";
		};
		49CD55D61AF8685900673328 /* Products */ = {
			isa = PBXGroup;
			children = (
				49CD55D51AF8685900673328 /* Roost Remote.app */,
				49CD55EA1AF8685900673328 /* Roost RemoteTests.xctest */,
			);
			name = Products;
			sourceTree = "<group>";
		};
		49CD55D71AF8685900673328 /* Roost Remote */ = {
			isa = PBXGroup;
			children = (
				49CD55DA1AF8685900673328 /* AppDelegate.swift */,
				49C1B79D1B1158B400F109C3 /* Views */,
				49CD55FE1AF868F200673328 /* Controllers */,
				49CD55FF1AF8694400673328 /* Models */,
				4974F7011AFACBF400816CF8 /* Network Calls */,
				49CD55E11AF8685900673328 /* Images.xcassets */,
				4974F6FB1AFAC5E200816CF8 /* Roost Remote-Bridging-Header.h */,
				49CD55E31AF8685900673328 /* LaunchScreen.xib */,
				49CD55D81AF8685900673328 /* Supporting Files */,
			);
			path = "Roost Remote";
			sourceTree = "<group>";
		};
		49CD55D81AF8685900673328 /* Supporting Files */ = {
			isa = PBXGroup;
			children = (
				49CD55D91AF8685900673328 /* Info.plist */,
			);
			name = "Supporting Files";
			sourceTree = "<group>";
		};
		49CD55ED1AF8685900673328 /* Roost RemoteTests */ = {
			isa = PBXGroup;
			children = (
				499B5DCE1B06388C00AD67BE /* EndpointManagerSpecs.swift */,
				49E5641C1B064ACE009D3A7A /* EndpointSpec.swift */,
				49E5641E1B064E99009D3A7A /* EndpointOptionHolderSpec.swift */,
				499B5DCC1B0637BF00AD67BE /* index.json */,
				49CD55EE1AF8685900673328 /* Supporting Files */,
			);
			path = "Roost RemoteTests";
			sourceTree = "<group>";
		};
		49CD55EE1AF8685900673328 /* Supporting Files */ = {
			isa = PBXGroup;
			children = (
				49CD55EF1AF8685900673328 /* Info.plist */,
			);
			name = "Supporting Files";
			sourceTree = "<group>";
		};
		49CD55FE1AF868F200673328 /* Controllers */ = {
			isa = PBXGroup;
			children = (
				49C1B7A21B116B8F00F109C3 /* EndpointsViewController.swift */,
				49C1B7A31B116B8F00F109C3 /* EndpointsViewController.xib */,
				496FE7021E4F893D00F4EAA9 /* DevicesViewController.swift */,
				496FE7031E4F893D00F4EAA9 /* DevicesViewController.xib */,
			);
			name = Controllers;
			sourceTree = "<group>";
		};
		49CD55FF1AF8694400673328 /* Models */ = {
			isa = PBXGroup;
			children = (
				496FE7081E4F983B00F4EAA9 /* DeviceDescription.swift */,
				496FE7061E4F8C6A00F4EAA9 /* Device.swift */,
				4974F6FF1AFAC5FE00816CF8 /* Endpoint.swift */,
				496FE7141E4FB92A00F4EAA9 /* EndpointOptionProtocol.swift */,
				499B5DC61B05AB1F00AD67BE /* EndpointOption.swift */,
				496FE70C1E4FB5AF00F4EAA9 /* NumberEndpointOption.swift */,
				496FE70E1E4FB63B00F4EAA9 /* StringEndpointOption.swift */,
				496FE7101E4FB65D00F4EAA9 /* DictionaryEndpointOption.swift */,
				499B5DC91B05AC2700AD67BE /* EndpointOptionHolder.swift */,
				49333D6A1B37517E00DA154F /* UIColor.swift */,
				496FE7121E4FB6D100F4EAA9 /* EndpointOptionDeserializer.swift */,
				49ED291F1C9528A9003E4C74 /* EndpointOptionHolderDeserializer.swift */,
				496FE70A1E4F9E4300F4EAA9 /* EndpointArrayDeserializer.swift */,
			);
			name = Models;
			sourceTree = "<group>";
		};
		62A9159C8AAE5EE63D7EDBF2 /* Pods */ = {
			isa = PBXGroup;
			children = (
				11C24746A4631C51189B6B44 /* Pods-Roost Remote.debug.xcconfig */,
				71320FE0028392A072608406 /* Pods-Roost Remote.release.xcconfig */,
				0E478FB2AA4AF8325C8E0AFC /* Pods-Roost RemoteTests.debug.xcconfig */,
				C4D5A6E1B511B46036AD174A /* Pods-Roost RemoteTests.release.xcconfig */,
			);
			name = Pods;
			sourceTree = "<group>";
		};
		C4183F219479894E4E46CB1E /* Frameworks */ = {
			isa = PBXGroup;
			children = (
				3C38E48CA6AE682E09ADFEC8 /* Pods_Roost_Remote.framework */,
				099767B8A80F3A41A2F28303 /* Pods_Roost_RemoteTests.framework */,
			);
			name = Frameworks;
			sourceTree = "<group>";
		};
/* End PBXGroup section */

/* Begin PBXNativeTarget section */
		49CD55D41AF8685900673328 /* Roost Remote */ = {
			isa = PBXNativeTarget;
			buildConfigurationList = 49CD55F41AF8685900673328 /* Build configuration list for PBXNativeTarget "Roost Remote" */;
			buildPhases = (
				413110E8DB929E767DD7D38E /* [CP] Check Pods Manifest.lock */,
				49CD55D11AF8685900673328 /* Sources */,
				49CD55D21AF8685900673328 /* Frameworks */,
				49CD55D31AF8685900673328 /* Resources */,
				A14DCD1166ED8A3727BB3CDC /* [CP] Embed Pods Frameworks */,
				D31F34701164981166C44FCC /* [CP] Copy Pods Resources */,
			);
			buildRules = (
			);
			dependencies = (
			);
			name = "Roost Remote";
			productName = "Roost Remote";
			productReference = 49CD55D51AF8685900673328 /* Roost Remote.app */;
			productType = "com.apple.product-type.application";
		};
		49CD55E91AF8685900673328 /* Roost RemoteTests */ = {
			isa = PBXNativeTarget;
			buildConfigurationList = 49CD55F71AF8685900673328 /* Build configuration list for PBXNativeTarget "Roost RemoteTests" */;
			buildPhases = (
				E1D4706F8F0907EF58ACC98C /* [CP] Check Pods Manifest.lock */,
				49CD55E61AF8685900673328 /* Sources */,
				49CD55E71AF8685900673328 /* Frameworks */,
				49CD55E81AF8685900673328 /* Resources */,
				4930994482BA3CCE8E901B7F /* [CP] Embed Pods Frameworks */,
				963CC50A5D436DB9CDE8EC9A /* [CP] Copy Pods Resources */,
			);
			buildRules = (
			);
			dependencies = (
				49CD55EC1AF8685900673328 /* PBXTargetDependency */,
			);
			name = "Roost RemoteTests";
			productName = "Roost RemoteTests";
			productReference = 49CD55EA1AF8685900673328 /* Roost RemoteTests.xctest */;
			productType = "com.apple.product-type.bundle.unit-test";
		};
/* End PBXNativeTarget section */

/* Begin PBXProject section */
		49CD55CD1AF8685900673328 /* Project object */ = {
			isa = PBXProject;
			attributes = {
				LastSwiftMigration = 0720;
				LastSwiftUpdateCheck = 0720;
				LastUpgradeCheck = 0810;
				ORGANIZATIONNAME = "Elliot Schrock";
				TargetAttributes = {
					49CD55D41AF8685900673328 = {
						CreatedOnToolsVersion = 6.3.1;
						DevelopmentTeam = PE7EQ66NRS;
						LastSwiftMigration = 0810;
						ProvisioningStyle = Automatic;
					};
					49CD55E91AF8685900673328 = {
						CreatedOnToolsVersion = 6.3.1;
						LastSwiftMigration = 0810;
						ProvisioningStyle = Automatic;
						TestTargetID = 49CD55D41AF8685900673328;
					};
				};
			};
			buildConfigurationList = 49CD55D01AF8685900673328 /* Build configuration list for PBXProject "Roost Remote" */;
			compatibilityVersion = "Xcode 3.2";
			developmentRegion = English;
			hasScannedForEncodings = 0;
			knownRegions = (
				en,
				Base,
			);
			mainGroup = 49CD55CC1AF8685900673328;
			productRefGroup = 49CD55D61AF8685900673328 /* Products */;
			projectDirPath = "";
			projectRoot = "";
			targets = (
				49CD55D41AF8685900673328 /* Roost Remote */,
				49CD55E91AF8685900673328 /* Roost RemoteTests */,
			);
		};
/* End PBXProject section */

/* Begin PBXResourcesBuildPhase section */
		49CD55D31AF8685900673328 /* Resources */ = {
			isa = PBXResourcesBuildPhase;
			buildActionMask = 2147483647;
			files = (
				49CD55E51AF8685900673328 /* LaunchScreen.xib in Resources */,
				49C1B7A11B11594800F109C3 /* EndpointTableViewCell.xib in Resources */,
				49CD55E21AF8685900673328 /* Images.xcassets in Resources */,
				496FE7051E4F893D00F4EAA9 /* DevicesViewController.xib in Resources */,
				49C1B7A51B116B8F00F109C3 /* EndpointsViewController.xib in Resources */,
			);
			runOnlyForDeploymentPostprocessing = 0;
		};
		49CD55E81AF8685900673328 /* Resources */ = {
			isa = PBXResourcesBuildPhase;
			buildActionMask = 2147483647;
			files = (
				499B5DCD1B0637C000AD67BE /* index.json in Resources */,
			);
			runOnlyForDeploymentPostprocessing = 0;
		};
/* End PBXResourcesBuildPhase section */

/* Begin PBXShellScriptBuildPhase section */
		413110E8DB929E767DD7D38E /* [CP] Check Pods Manifest.lock */ = {
			isa = PBXShellScriptBuildPhase;
			buildActionMask = 2147483647;
			files = (
			);
			inputPaths = (
			);
			name = "[CP] Check Pods Manifest.lock";
			outputPaths = (
			);
			runOnlyForDeploymentPostprocessing = 0;
			shellPath = /bin/sh;
			shellScript = "diff \"${PODS_ROOT}/../Podfile.lock\" \"${PODS_ROOT}/Manifest.lock\" > /dev/null\nif [ $? != 0 ] ; then\n    # print error to STDERR\n    echo \"error: The sandbox is not in sync with the Podfile.lock. Run 'pod install' or update your CocoaPods installation.\" >&2\n    exit 1\nfi\n";
			showEnvVarsInLog = 0;
		};
		4930994482BA3CCE8E901B7F /* [CP] Embed Pods Frameworks */ = {
			isa = PBXShellScriptBuildPhase;
			buildActionMask = 2147483647;
			files = (
			);
			inputPaths = (
			);
			name = "[CP] Embed Pods Frameworks";
			outputPaths = (
			);
			runOnlyForDeploymentPostprocessing = 0;
			shellPath = /bin/sh;
			shellScript = "\"${SRCROOT}/Pods/Target Support Files/Pods-Roost RemoteTests/Pods-Roost RemoteTests-frameworks.sh\"\n";
			showEnvVarsInLog = 0;
		};
		963CC50A5D436DB9CDE8EC9A /* [CP] Copy Pods Resources */ = {
			isa = PBXShellScriptBuildPhase;
			buildActionMask = 2147483647;
			files = (
			);
			inputPaths = (
			);
			name = "[CP] Copy Pods Resources";
			outputPaths = (
			);
			runOnlyForDeploymentPostprocessing = 0;
			shellPath = /bin/sh;
			shellScript = "\"${SRCROOT}/Pods/Target Support Files/Pods-Roost RemoteTests/Pods-Roost RemoteTests-resources.sh\"\n";
			showEnvVarsInLog = 0;
		};
		A14DCD1166ED8A3727BB3CDC /* [CP] Embed Pods Frameworks */ = {
			isa = PBXShellScriptBuildPhase;
			buildActionMask = 2147483647;
			files = (
			);
			inputPaths = (
			);
			name = "[CP] Embed Pods Frameworks";
			outputPaths = (
			);
			runOnlyForDeploymentPostprocessing = 0;
			shellPath = /bin/sh;
			shellScript = "\"${SRCROOT}/Pods/Target Support Files/Pods-Roost Remote/Pods-Roost Remote-frameworks.sh\"\n";
			showEnvVarsInLog = 0;
		};
		D31F34701164981166C44FCC /* [CP] Copy Pods Resources */ = {
			isa = PBXShellScriptBuildPhase;
			buildActionMask = 2147483647;
			files = (
			);
			inputPaths = (
			);
			name = "[CP] Copy Pods Resources";
			outputPaths = (
			);
			runOnlyForDeploymentPostprocessing = 0;
			shellPath = /bin/sh;
			shellScript = "\"${SRCROOT}/Pods/Target Support Files/Pods-Roost Remote/Pods-Roost Remote-resources.sh\"\n";
			showEnvVarsInLog = 0;
		};
		E1D4706F8F0907EF58ACC98C /* [CP] Check Pods Manifest.lock */ = {
			isa = PBXShellScriptBuildPhase;
			buildActionMask = 2147483647;
			files = (
			);
			inputPaths = (
			);
			name = "[CP] Check Pods Manifest.lock";
			outputPaths = (
			);
			runOnlyForDeploymentPostprocessing = 0;
			shellPath = /bin/sh;
			shellScript = "diff \"${PODS_ROOT}/../Podfile.lock\" \"${PODS_ROOT}/Manifest.lock\" > /dev/null\nif [ $? != 0 ] ; then\n    # print error to STDERR\n    echo \"error: The sandbox is not in sync with the Podfile.lock. Run 'pod install' or update your CocoaPods installation.\" >&2\n    exit 1\nfi\n";
			showEnvVarsInLog = 0;
		};
/* End PBXShellScriptBuildPhase section */

/* Begin PBXSourcesBuildPhase section */
		49CD55D11AF8685900673328 /* Sources */ = {
			isa = PBXSourcesBuildPhase;
			buildActionMask = 2147483647;
			files = (
				496FE7071E4F8C6A00F4EAA9 /* Device.swift in Sources */,
				4974F7031AFADF0200816CF8 /* BaseNetworkCall.swift in Sources */,
				499B5DC71B05AB1F00AD67BE /* EndpointOption.swift in Sources */,
				49C1B7A01B11594800F109C3 /* EndpointTableViewCell.swift in Sources */,
				496FE70F1E4FB63B00F4EAA9 /* StringEndpointOption.swift in Sources */,
				496FE7041E4F893D00F4EAA9 /* DevicesViewController.swift in Sources */,
				496FE7171E4FC51000F4EAA9 /* DetailsTableViewCell.swift in Sources */,
				496FE7151E4FB92A00F4EAA9 /* EndpointOptionProtocol.swift in Sources */,
				496FE7111E4FB65D00F4EAA9 /* DictionaryEndpointOption.swift in Sources */,
				496FE7091E4F983B00F4EAA9 /* DeviceDescription.swift in Sources */,
				49C1B7A41B116B8F00F109C3 /* EndpointsViewController.swift in Sources */,
				496FE70D1E4FB5AF00F4EAA9 /* NumberEndpointOption.swift in Sources */,
				496FE70B1E4F9E4300F4EAA9 /* EndpointArrayDeserializer.swift in Sources */,
				49333D6B1B37517E00DA154F /* UIColor.swift in Sources */,
				49ED29201C9528A9003E4C74 /* EndpointOptionHolderDeserializer.swift in Sources */,
				4974F7001AFAC5FE00816CF8 /* Endpoint.swift in Sources */,
				49CD55DB1AF8685900673328 /* AppDelegate.swift in Sources */,
				496FE7131E4FB6D100F4EAA9 /* EndpointOptionDeserializer.swift in Sources */,
				499B5DCA1B05AC2700AD67BE /* EndpointOptionHolder.swift in Sources */,
			);
			runOnlyForDeploymentPostprocessing = 0;
		};
		49CD55E61AF8685900673328 /* Sources */ = {
			isa = PBXSourcesBuildPhase;
			buildActionMask = 2147483647;
			files = (
				499B5DC81B05AB1F00AD67BE /* EndpointOption.swift in Sources */,
				49E8560D1AFFD1C900E79527 /* BaseNetworkCall.swift in Sources */,
				49E8560C1AFFD1C100E79527 /* Endpoint.swift in Sources */,
				49E5641F1B064E99009D3A7A /* EndpointOptionHolderSpec.swift in Sources */,
				499B5DCF1B06388C00AD67BE /* EndpointManagerSpecs.swift in Sources */,
				499B5DCB1B05AC2700AD67BE /* EndpointOptionHolder.swift in Sources */,
				49ED29211C9528A9003E4C74 /* EndpointOptionHolderDeserializer.swift in Sources */,
				49E5641D1B064ACE009D3A7A /* EndpointSpec.swift in Sources */,
			);
			runOnlyForDeploymentPostprocessing = 0;
		};
/* End PBXSourcesBuildPhase section */

/* Begin PBXTargetDependency section */
		49CD55EC1AF8685900673328 /* PBXTargetDependency */ = {
			isa = PBXTargetDependency;
			target = 49CD55D41AF8685900673328 /* Roost Remote */;
			targetProxy = 49CD55EB1AF8685900673328 /* PBXContainerItemProxy */;
		};
/* End PBXTargetDependency section */

/* Begin PBXVariantGroup section */
		49CD55E31AF8685900673328 /* LaunchScreen.xib */ = {
			isa = PBXVariantGroup;
			children = (
				49CD55E41AF8685900673328 /* Base */,
			);
			name = LaunchScreen.xib;
			sourceTree = "<group>";
		};
/* End PBXVariantGroup section */

/* Begin XCBuildConfiguration section */
		49CD55F21AF8685900673328 /* Debug */ = {
			isa = XCBuildConfiguration;
			buildSettings = {
				ALWAYS_SEARCH_USER_PATHS = NO;
				CLANG_CXX_LANGUAGE_STANDARD = "gnu++0x";
				CLANG_CXX_LIBRARY = "libc++";
				CLANG_ENABLE_MODULES = YES;
				CLANG_ENABLE_OBJC_ARC = YES;
				CLANG_WARN_BOOL_CONVERSION = YES;
				CLANG_WARN_CONSTANT_CONVERSION = YES;
				CLANG_WARN_DIRECT_OBJC_ISA_USAGE = YES_ERROR;
				CLANG_WARN_EMPTY_BODY = YES;
				CLANG_WARN_ENUM_CONVERSION = YES;
				CLANG_WARN_INFINITE_RECURSION = YES;
				CLANG_WARN_INT_CONVERSION = YES;
				CLANG_WARN_OBJC_ROOT_CLASS = YES_ERROR;
				CLANG_WARN_SUSPICIOUS_MOVE = YES;
				CLANG_WARN_UNREACHABLE_CODE = YES;
				CLANG_WARN__DUPLICATE_METHOD_MATCH = YES;
				CODE_SIGN_IDENTITY = "iPhone Developer: Todd Elliot Schrock (RY2U2EZS76)";
				"CODE_SIGN_IDENTITY[sdk=iphoneos*]" = "iPhone Developer: Todd Elliot Schrock (RY2U2EZS76)";
				COPY_PHASE_STRIP = NO;
				DEBUG_INFORMATION_FORMAT = "dwarf-with-dsym";
				ENABLE_STRICT_OBJC_MSGSEND = YES;
				ENABLE_TESTABILITY = YES;
				GCC_C_LANGUAGE_STANDARD = gnu99;
				GCC_DYNAMIC_NO_PIC = NO;
				GCC_NO_COMMON_BLOCKS = YES;
				GCC_OPTIMIZATION_LEVEL = 0;
				GCC_PREPROCESSOR_DEFINITIONS = (
					"DEBUG=1",
					"$(inherited)",
				);
				GCC_SYMBOLS_PRIVATE_EXTERN = NO;
				GCC_WARN_64_TO_32_BIT_CONVERSION = YES;
				GCC_WARN_ABOUT_RETURN_TYPE = YES_ERROR;
				GCC_WARN_UNDECLARED_SELECTOR = YES;
				GCC_WARN_UNINITIALIZED_AUTOS = YES_AGGRESSIVE;
				GCC_WARN_UNUSED_FUNCTION = YES;
				GCC_WARN_UNUSED_VARIABLE = YES;
				IPHONEOS_DEPLOYMENT_TARGET = 8.3;
				MTL_ENABLE_DEBUG_INFO = YES;
				ONLY_ACTIVE_ARCH = YES;
				PROVISIONING_PROFILE = "75c8dfb7-f570-49ec-a5ed-60510550dc1e";
				SDKROOT = iphoneos;
				SWIFT_OPTIMIZATION_LEVEL = "-Onone";
			};
			name = Debug;
		};
		49CD55F31AF8685900673328 /* Release */ = {
			isa = XCBuildConfiguration;
			buildSettings = {
				ALWAYS_SEARCH_USER_PATHS = NO;
				CLANG_CXX_LANGUAGE_STANDARD = "gnu++0x";
				CLANG_CXX_LIBRARY = "libc++";
				CLANG_ENABLE_MODULES = YES;
				CLANG_ENABLE_OBJC_ARC = YES;
				CLANG_WARN_BOOL_CONVERSION = YES;
				CLANG_WARN_CONSTANT_CONVERSION = YES;
				CLANG_WARN_DIRECT_OBJC_ISA_USAGE = YES_ERROR;
				CLANG_WARN_EMPTY_BODY = YES;
				CLANG_WARN_ENUM_CONVERSION = YES;
				CLANG_WARN_INFINITE_RECURSION = YES;
				CLANG_WARN_INT_CONVERSION = YES;
				CLANG_WARN_OBJC_ROOT_CLASS = YES_ERROR;
				CLANG_WARN_SUSPICIOUS_MOVE = YES;
				CLANG_WARN_UNREACHABLE_CODE = YES;
				CLANG_WARN__DUPLICATE_METHOD_MATCH = YES;
				CODE_SIGN_IDENTITY = "iPhone Developer: Todd Elliot Schrock (RY2U2EZS76)";
				"CODE_SIGN_IDENTITY[sdk=iphoneos*]" = "iPhone Developer: Todd Elliot Schrock (RY2U2EZS76)";
				COPY_PHASE_STRIP = NO;
				DEBUG_INFORMATION_FORMAT = "dwarf-with-dsym";
				ENABLE_NS_ASSERTIONS = NO;
				ENABLE_STRICT_OBJC_MSGSEND = YES;
				GCC_C_LANGUAGE_STANDARD = gnu99;
				GCC_NO_COMMON_BLOCKS = YES;
				GCC_WARN_64_TO_32_BIT_CONVERSION = YES;
				GCC_WARN_ABOUT_RETURN_TYPE = YES_ERROR;
				GCC_WARN_UNDECLARED_SELECTOR = YES;
				GCC_WARN_UNINITIALIZED_AUTOS = YES_AGGRESSIVE;
				GCC_WARN_UNUSED_FUNCTION = YES;
				GCC_WARN_UNUSED_VARIABLE = YES;
				IPHONEOS_DEPLOYMENT_TARGET = 8.3;
				MTL_ENABLE_DEBUG_INFO = NO;
				PROVISIONING_PROFILE = "75c8dfb7-f570-49ec-a5ed-60510550dc1e";
				SDKROOT = iphoneos;
				SWIFT_OPTIMIZATION_LEVEL = "-Owholemodule";
				VALIDATE_PRODUCT = YES;
			};
			name = Release;
		};
		49CD55F51AF8685900673328 /* Debug */ = {
			isa = XCBuildConfiguration;
			baseConfigurationReference = 11C24746A4631C51189B6B44 /* Pods-Roost Remote.debug.xcconfig */;
			buildSettings = {
				ALWAYS_EMBED_SWIFT_STANDARD_LIBRARIES = YES;
				ASSETCATALOG_COMPILER_APPICON_NAME = AppIcon;
				CLANG_ENABLE_MODULES = YES;
				CODE_SIGN_IDENTITY = "iPhone Developer: Todd Elliot Schrock (RY2U2EZS76)";
				"CODE_SIGN_IDENTITY[sdk=iphoneos*]" = "iPhone Developer";
				DEFINES_MODULE = YES;
				DEVELOPMENT_TEAM = PE7EQ66NRS;
				INFOPLIST_FILE = "Roost Remote/Info.plist";
				IPHONEOS_DEPLOYMENT_TARGET = 8.0;
				LD_RUNPATH_SEARCH_PATHS = "$(inherited) @executable_path/Frameworks";
				PRODUCT_BUNDLE_IDENTIFIER = "com.rndapp.$(PRODUCT_NAME:rfc1034identifier)";
				PRODUCT_NAME = "$(TARGET_NAME)";
				PROVISIONING_PROFILE = "";
				PROVISIONING_PROFILE_SPECIFIER = "";
				SWIFT_OBJC_BRIDGING_HEADER = "Roost Remote/Roost Remote-Bridging-Header.h";
				SWIFT_OPTIMIZATION_LEVEL = "-Onone";
				SWIFT_VERSION = 3.0;
			};
			name = Debug;
		};
		49CD55F61AF8685900673328 /* Release */ = {
			isa = XCBuildConfiguration;
			baseConfigurationReference = 71320FE0028392A072608406 /* Pods-Roost Remote.release.xcconfig */;
			buildSettings = {
				ALWAYS_EMBED_SWIFT_STANDARD_LIBRARIES = YES;
				ASSETCATALOG_COMPILER_APPICON_NAME = AppIcon;
				CLANG_ENABLE_MODULES = YES;
				CODE_SIGN_IDENTITY = "";
				"CODE_SIGN_IDENTITY[sdk=iphoneos*]" = "iPhone Developer";
				DEFINES_MODULE = YES;
				DEVELOPMENT_TEAM = PE7EQ66NRS;
				INFOPLIST_FILE = "Roost Remote/Info.plist";
				IPHONEOS_DEPLOYMENT_TARGET = 8.0;
				LD_RUNPATH_SEARCH_PATHS = "$(inherited) @executable_path/Frameworks";
				PRODUCT_BUNDLE_IDENTIFIER = "com.rndapp.$(PRODUCT_NAME:rfc1034identifier)";
				PRODUCT_NAME = "$(TARGET_NAME)";
				PROVISIONING_PROFILE = "";
				PROVISIONING_PROFILE_SPECIFIER = "";
				SWIFT_OBJC_BRIDGING_HEADER = "Roost Remote/Roost Remote-Bridging-Header.h";
				SWIFT_VERSION = 3.0;
			};
			name = Release;
		};
		49CD55F81AF8685900673328 /* Debug */ = {
			isa = XCBuildConfiguration;
			baseConfigurationReference = 0E478FB2AA4AF8325C8E0AFC /* Pods-Roost RemoteTests.debug.xcconfig */;
			buildSettings = {
				ALWAYS_EMBED_SWIFT_STANDARD_LIBRARIES = YES;
				BUNDLE_LOADER = "$(TEST_HOST)";
				"CODE_SIGN_IDENTITY[sdk=iphoneos*]" = "iPhone Developer";
				FRAMEWORK_SEARCH_PATHS = (
					"$(SDKROOT)/Developer/Library/Frameworks",
					"$(inherited)",
				);
				GCC_PREPROCESSOR_DEFINITIONS = (
					"DEBUG=1",
					"$(inherited)",
				);
				INFOPLIST_FILE = "Roost RemoteTests/Info.plist";
				LD_RUNPATH_SEARCH_PATHS = "$(inherited) @executable_path/Frameworks @loader_path/Frameworks";
				PRODUCT_BUNDLE_IDENTIFIER = "com.rndapp.$(PRODUCT_NAME:rfc1034identifier)";
				PRODUCT_NAME = "$(TARGET_NAME)";
				PROVISIONING_PROFILE = "";
				SWIFT_VERSION = 3.0;
				TEST_HOST = "$(BUILT_PRODUCTS_DIR)/Roost Remote.app/Roost Remote";
			};
			name = Debug;
		};
		49CD55F91AF8685900673328 /* Release */ = {
			isa = XCBuildConfiguration;
			baseConfigurationReference = C4D5A6E1B511B46036AD174A /* Pods-Roost RemoteTests.release.xcconfig */;
			buildSettings = {
				ALWAYS_EMBED_SWIFT_STANDARD_LIBRARIES = YES;
				BUNDLE_LOADER = "$(TEST_HOST)";
				"CODE_SIGN_IDENTITY[sdk=iphoneos*]" = "iPhone Developer";
				FRAMEWORK_SEARCH_PATHS = (
					"$(SDKROOT)/Developer/Library/Frameworks",
					"$(inherited)",
				);
				INFOPLIST_FILE = "Roost RemoteTests/Info.plist";
				LD_RUNPATH_SEARCH_PATHS = "$(inherited) @executable_path/Frameworks @loader_path/Frameworks";
				PRODUCT_BUNDLE_IDENTIFIER = "com.rndapp.$(PRODUCT_NAME:rfc1034identifier)";
				PRODUCT_NAME = "$(TARGET_NAME)";
				PROVISIONING_PROFILE = "";
				SWIFT_VERSION = 3.0;
				TEST_HOST = "$(BUILT_PRODUCTS_DIR)/Roost Remote.app/Roost Remote";
			};
			name = Release;
		};
/* End XCBuildConfiguration section */

/* Begin XCConfigurationList section */
		49CD55D01AF8685900673328 /* Build configuration list for PBXProject "Roost Remote" */ = {
			isa = XCConfigurationList;
			buildConfigurations = (
				49CD55F21AF8685900673328 /* Debug */,
				49CD55F31AF8685900673328 /* Release */,
			);
			defaultConfigurationIsVisible = 0;
			defaultConfigurationName = Release;
		};
		49CD55F41AF8685900673328 /* Build configuration list for PBXNativeTarget "Roost Remote" */ = {
			isa = XCConfigurationList;
			buildConfigurations = (
				49CD55F51AF8685900673328 /* Debug */,
				49CD55F61AF8685900673328 /* Release */,
			);
			defaultConfigurationIsVisible = 0;
			defaultConfigurationName = Release;
		};
		49CD55F71AF8685900673328 /* Build configuration list for PBXNativeTarget "Roost RemoteTests" */ = {
			isa = XCConfigurationList;
			buildConfigurations = (
				49CD55F81AF8685900673328 /* Debug */,
				49CD55F91AF8685900673328 /* Release */,
			);
			defaultConfigurationIsVisible = 0;
			defaultConfigurationName = Release;
		};
/* End XCConfigurationList section */
	};
	rootObject = 49CD55CD1AF8685900673328 /* Project object */;
}
